{
  "name": "client-onboard",
  "version": "1.0.0",
  "lockfileVersion": 1,
  "requires": true,
  "dependencies": {
    "@appnest/web-router": {
      "version": "1.3.6",
      "resolved": "http://artifactory-nonprod.myadp.aws.adp:8081/artifactory/api/npm/npm-virtual/@appnest/web-router/-/web-router-1.3.6.tgz",
      "integrity": "sha1-vpZycxHmnaVRXVkMz5FfjLsCgqY="
    },
    "@polymer/iron-a11y-announcer": {
      "version": "3.0.2",
      "resolved": "http://artifactory-nonprod.myadp.aws.adp:8081/artifactory/api/npm/npm-virtual/@polymer/iron-a11y-announcer/-/iron-a11y-announcer-3.0.2.tgz",
      "integrity": "sha1-cw3TbMsuBC7NUWC6Q5wr8vipdBI=",
      "requires": {
        "@polymer/polymer": "^3.0.0"
      }
    },
    "@polymer/iron-a11y-keys-behavior": {
      "version": "3.0.1",
      "resolved": "http://artifactory-nonprod.myadp.aws.adp:8081/artifactory/api/npm/npm-virtual/@polymer/iron-a11y-keys-behavior/-/iron-a11y-keys-behavior-3.0.1.tgz",
      "integrity": "sha1-KGjqcpEtIAf/q0c0aEqR9arEm4Q=",
      "requires": {
        "@polymer/polymer": "^3.0.0"
      }
    },
    "@polymer/iron-fit-behavior": {
      "version": "3.0.1",
      "resolved": "http://artifactory-nonprod.myadp.aws.adp:8081/artifactory/api/npm/npm-virtual/@polymer/iron-fit-behavior/-/iron-fit-behavior-3.0.1.tgz",
      "integrity": "sha1-5cJrC02edPDD1tVrnP1GDoS93w0=",
      "requires": {
        "@polymer/polymer": "^3.0.0"
      }
    },
    "@polymer/iron-flex-layout": {
      "version": "3.0.1",
      "resolved": "http://artifactory-nonprod.myadp.aws.adp:8081/artifactory/api/npm/npm-virtual/@polymer/iron-flex-layout/-/iron-flex-layout-3.0.1.tgz",
      "integrity": "sha1-NvnhqOt5LSebK8ddNiYochrTfww=",
      "requires": {
        "@polymer/polymer": "^3.0.0"
      }
    },
    "@polymer/iron-icon": {
      "version": "3.0.1",
      "resolved": "http://artifactory-nonprod.myadp.aws.adp:8081/artifactory/api/npm/npm-virtual/@polymer/iron-icon/-/iron-icon-3.0.1.tgz",
      "integrity": "sha1-kyEcOdiCX+SWWmhBlWYDbB3ykes=",
      "requires": {
        "@polymer/iron-flex-layout": "^3.0.0-pre.26",
        "@polymer/iron-meta": "^3.0.0-pre.26",
        "@polymer/polymer": "^3.0.0"
      }
    },
    "@polymer/iron-iconset-svg": {
      "version": "3.0.1",
      "resolved": "http://artifactory-nonprod.myadp.aws.adp:8081/artifactory/api/npm/npm-virtual/@polymer/iron-iconset-svg/-/iron-iconset-svg-3.0.1.tgz",
      "integrity": "sha1-Vo1ufbwSApna5jvjYArroNMN2+o=",
      "requires": {
        "@polymer/iron-meta": "^3.0.0-pre.26",
        "@polymer/polymer": "^3.0.0"
      }
    },
    "@polymer/iron-list": {
      "version": "3.0.2",
      "resolved": "http://artifactory-nonprod.myadp.aws.adp:8081/artifactory/api/npm/npm-virtual/@polymer/iron-list/-/iron-list-3.0.2.tgz",
      "integrity": "sha1-nmuA5QMyjcKSF9vib5T6pHrbQSQ=",
      "requires": {
        "@polymer/iron-a11y-keys-behavior": "^3.0.0-pre.26",
        "@polymer/iron-resizable-behavior": "^3.0.0-pre.26",
        "@polymer/iron-scroll-target-behavior": "^3.0.0-pre.26",
        "@polymer/polymer": "^3.0.0"
      }
    },
    "@polymer/iron-media-query": {
      "version": "3.0.1",
      "resolved": "http://artifactory-nonprod.myadp.aws.adp:8081/artifactory/api/npm/npm-virtual/@polymer/iron-media-query/-/iron-media-query-3.0.1.tgz",
      "integrity": "sha1-XNihwejJuLr9PdXaFOD40s+nbYM=",
      "requires": {
        "@polymer/polymer": "^3.0.0"
      }
    },
    "@polymer/iron-meta": {
      "version": "3.0.1",
      "resolved": "http://artifactory-nonprod.myadp.aws.adp:8081/artifactory/api/npm/npm-virtual/@polymer/iron-meta/-/iron-meta-3.0.1.tgz",
      "integrity": "sha1-fxQGKNEnsKKE+ILxuzI6JhvBJfU=",
      "requires": {
        "@polymer/polymer": "^3.0.0"
      }
    },
    "@polymer/iron-overlay-behavior": {
      "version": "3.0.2",
      "resolved": "http://artifactory-nonprod.myadp.aws.adp:8081/artifactory/api/npm/npm-virtual/@polymer/iron-overlay-behavior/-/iron-overlay-behavior-3.0.2.tgz",
      "integrity": "sha1-ahKj9Oq0ch62l47ZUL5TTJwoOYM=",
      "requires": {
        "@polymer/iron-a11y-keys-behavior": "^3.0.0-pre.26",
        "@polymer/iron-fit-behavior": "^3.0.0-pre.26",
        "@polymer/iron-resizable-behavior": "^3.0.0-pre.26",
        "@polymer/polymer": "^3.0.0"
      }
    },
    "@polymer/iron-resizable-behavior": {
      "version": "3.0.1",
      "resolved": "http://artifactory-nonprod.myadp.aws.adp:8081/artifactory/api/npm/npm-virtual/@polymer/iron-resizable-behavior/-/iron-resizable-behavior-3.0.1.tgz",
      "integrity": "sha1-4oQ0jtfBx+Jj9wOSl1MvqVQCXqI=",
      "requires": {
        "@polymer/polymer": "^3.0.0"
      }
    },
    "@polymer/iron-scroll-target-behavior": {
      "version": "3.0.1",
      "resolved": "http://artifactory-nonprod.myadp.aws.adp:8081/artifactory/api/npm/npm-virtual/@polymer/iron-scroll-target-behavior/-/iron-scroll-target-behavior-3.0.1.tgz",
      "integrity": "sha1-KfpkSzIPspq2xo620IplIBV3ZKw=",
      "requires": {
        "@polymer/polymer": "^3.0.0"
      }
    },
    "@polymer/polymer": {
      "version": "3.2.0",
      "resolved": "http://artifactory-nonprod.myadp.aws.adp:8081/artifactory/api/npm/npm-virtual/@polymer/polymer/-/polymer-3.2.0.tgz",
      "integrity": "sha1-tB/d7E7KxjsSk2uTcmZ40jrdev0=",
      "requires": {
        "@webcomponents/shadycss": "^1.8.0"
      }
    },
    "@vaadin/vaadin": {
      "version": "13.0.5",
      "resolved": "http://artifactory-nonprod.myadp.aws.adp:8081/artifactory/api/npm/npm-virtual/@vaadin/vaadin/-/vaadin-13.0.5.tgz",
      "integrity": "sha1-b7BKEvVle9E9WN9o0WF8mbMg1MI=",
      "requires": {
        "@vaadin/vaadin-board": "^2.1.0",
        "@vaadin/vaadin-charts": "^6.2.2",
        "@vaadin/vaadin-confirm-dialog": "^1.1.1",
        "@vaadin/vaadin-cookie-consent": "^1.1.0",
        "@vaadin/vaadin-core": "^13.0.5",
        "@vaadin/vaadin-crud": "^1.0.2",
        "@vaadin/vaadin-grid-pro": "^1.0.4",
        "@vaadin/vaadin-rich-text-editor": "^1.0.2"
      }
    },
    "@vaadin/vaadin-accordion": {
      "version": "1.0.0",
      "resolved": "http://artifactory-nonprod.myadp.aws.adp:8081/artifactory/api/npm/npm-virtual/@vaadin/vaadin-accordion/-/vaadin-accordion-1.0.0.tgz",
      "integrity": "sha1-n9o5LWU1JYXeAzO2mGv5iYRfIBs=",
      "requires": {
        "@polymer/polymer": "^3.0.0",
        "@vaadin/vaadin-details": "^1.0.0",
        "@vaadin/vaadin-element-mixin": "^2.0.0",
        "@vaadin/vaadin-lumo-styles": "^1.4.1",
        "@vaadin/vaadin-material-styles": "^1.2.0",
        "@vaadin/vaadin-themable-mixin": "^1.2.0"
      }
    },
    "@vaadin/vaadin-app-layout": {
      "version": "1.0.2",
      "resolved": "http://artifactory-nonprod.myadp.aws.adp:8081/artifactory/api/npm/npm-virtual/@vaadin/vaadin-app-layout/-/vaadin-app-layout-1.0.2.tgz",
      "integrity": "sha1-JfnlpLnVeRK9i5zukhS5U0DUNiw=",
      "requires": {
        "@polymer/polymer": "^3.0.0",
        "@vaadin/vaadin-element-mixin": "^2.0.0",
        "@vaadin/vaadin-lumo-styles": "^1.1.0",
        "@vaadin/vaadin-material-styles": "^1.1.0",
        "@vaadin/vaadin-themable-mixin": "^1.2.0"
      }
    },
    "@vaadin/vaadin-board": {
      "version": "2.1.0",
      "resolved": "http://artifactory-nonprod.myadp.aws.adp:8081/artifactory/api/npm/npm-virtual/@vaadin/vaadin-board/-/vaadin-board-2.1.0.tgz",
      "integrity": "sha1-JVTxl5fsNXQIXgX8SHbfPshvNPw=",
      "requires": {
        "@polymer/iron-resizable-behavior": "^3.0.0-pre.18",
        "@polymer/polymer": "^3.0.0",
        "@vaadin/vaadin-element-mixin": "^2.0.0",
        "@vaadin/vaadin-license-checker": "^2.1.0"
      }
    },
    "@vaadin/vaadin-button": {
      "version": "2.2.0",
      "resolved": "http://artifactory-nonprod.myadp.aws.adp:8081/artifactory/api/npm/npm-virtual/@vaadin/vaadin-button/-/vaadin-button-2.2.0.tgz",
      "integrity": "sha1-PZulFMr1e1Cd5unSfn44vS2ZGdE=",
      "requires": {
        "@polymer/polymer": "^3.0.0",
        "@vaadin/vaadin-control-state-mixin": "^2.1.1",
        "@vaadin/vaadin-element-mixin": "^2.0.0",
        "@vaadin/vaadin-lumo-styles": "^1.3.3",
        "@vaadin/vaadin-material-styles": "^1.2.0",
        "@vaadin/vaadin-themable-mixin": "^1.2.1"
      }
    },
    "@vaadin/vaadin-charts": {
      "version": "6.2.2",
      "resolved": "http://artifactory-nonprod.myadp.aws.adp:8081/artifactory/api/npm/npm-virtual/@vaadin/vaadin-charts/-/vaadin-charts-6.2.2.tgz",
      "integrity": "sha1-LcM8VZw72f3Qh26G03EFS9clBdU=",
      "requires": {
        "@polymer/polymer": "^3.0.0",
        "@vaadin/vaadin-element-mixin": "^2.0.0",
        "@vaadin/vaadin-license-checker": "^2.1.0",
        "@vaadin/vaadin-themable-mixin": "^1.2.1",
        "highcharts": "6.1.4"
      }
    },
    "@vaadin/vaadin-checkbox": {
      "version": "2.2.7",
      "resolved": "http://artifactory-nonprod.myadp.aws.adp:8081/artifactory/api/npm/npm-virtual/@vaadin/vaadin-checkbox/-/vaadin-checkbox-2.2.7.tgz",
      "integrity": "sha1-7LC3BUvl4whEs1Jondu0K6byxOs=",
      "requires": {
        "@polymer/polymer": "^3.0.0",
        "@vaadin/vaadin-control-state-mixin": "^2.1.1",
        "@vaadin/vaadin-element-mixin": "^2.0.0",
        "@vaadin/vaadin-lumo-styles": "^1.2.0",
        "@vaadin/vaadin-material-styles": "^1.2.0",
        "@vaadin/vaadin-themable-mixin": "^1.2.1"
      }
    },
    "@vaadin/vaadin-combo-box": {
      "version": "4.2.9",
      "resolved": "http://artifactory-nonprod.myadp.aws.adp:8081/artifactory/api/npm/npm-virtual/@vaadin/vaadin-combo-box/-/vaadin-combo-box-4.2.9.tgz",
      "integrity": "sha1-K9GdnWORc50XeFRkzCiIpAPfImk=",
      "requires": {
        "@polymer/iron-a11y-announcer": "^3.0.0",
        "@polymer/iron-a11y-keys-behavior": "^3.0.0",
        "@polymer/iron-list": "^3.0.0",
        "@polymer/iron-resizable-behavior": "^3.0.0",
        "@polymer/polymer": "^3.0.0",
        "@vaadin/vaadin-control-state-mixin": "^2.1.1",
        "@vaadin/vaadin-element-mixin": "^2.0.0",
        "@vaadin/vaadin-item": "^2.1.0",
        "@vaadin/vaadin-lumo-styles": "^1.1.1",
        "@vaadin/vaadin-material-styles": "^1.1.2",
        "@vaadin/vaadin-overlay": "^3.2.0",
        "@vaadin/vaadin-text-field": "^2.1.1",
        "@vaadin/vaadin-themable-mixin": "^1.3.2"
      }
    },
    "@vaadin/vaadin-confirm-dialog": {
      "version": "1.1.1",
      "resolved": "http://artifactory-nonprod.myadp.aws.adp:8081/artifactory/api/npm/npm-virtual/@vaadin/vaadin-confirm-dialog/-/vaadin-confirm-dialog-1.1.1.tgz",
      "integrity": "sha1-mQY5hjl2DcLKysez8NkqkUUk4Us=",
      "requires": {
        "@polymer/polymer": "^3.0.0",
        "@vaadin/vaadin-button": "^2.1.0",
        "@vaadin/vaadin-dialog": "^2.1.0",
        "@vaadin/vaadin-element-mixin": "^2.0.0",
        "@vaadin/vaadin-license-checker": "^2.1.0",
        "@vaadin/vaadin-lumo-styles": "^1.1.0",
        "@vaadin/vaadin-material-styles": "^1.1.0",
        "@vaadin/vaadin-overlay": "^3.2.0",
        "@vaadin/vaadin-themable-mixin": "^1.2.0"
      }
    },
    "@vaadin/vaadin-context-menu": {
      "version": "4.3.5",
      "resolved": "http://artifactory-nonprod.myadp.aws.adp:8081/artifactory/api/npm/npm-virtual/@vaadin/vaadin-context-menu/-/vaadin-context-menu-4.3.5.tgz",
      "integrity": "sha1-MXTFroX+F6Bvts8xkS0BqvOZBaI=",
      "requires": {
        "@polymer/iron-media-query": "^3.0.0",
        "@polymer/polymer": "^3.0.0",
        "@vaadin/vaadin-element-mixin": "^2.1.1",
        "@vaadin/vaadin-item": "^2.1.0",
        "@vaadin/vaadin-list-box": "^1.1.0",
        "@vaadin/vaadin-lumo-styles": "^1.1.1",
        "@vaadin/vaadin-material-styles": "^1.1.1",
        "@vaadin/vaadin-overlay": "^3.2.9",
        "@vaadin/vaadin-themable-mixin": "^1.3.2"
      }
    },
    "@vaadin/vaadin-control-state-mixin": {
      "version": "2.1.3",
      "resolved": "http://artifactory-nonprod.myadp.aws.adp:8081/artifactory/api/npm/npm-virtual/@vaadin/vaadin-control-state-mixin/-/vaadin-control-state-mixin-2.1.3.tgz",
      "integrity": "sha1-UJmYNQYRZRrPqNsVBvwS2SWGG0g=",
      "requires": {
        "@polymer/polymer": "^3.0.0"
      }
    },
    "@vaadin/vaadin-cookie-consent": {
      "version": "1.1.1",
      "resolved": "http://artifactory-nonprod.myadp.aws.adp:8081/artifactory/api/npm/npm-virtual/@vaadin/vaadin-cookie-consent/-/vaadin-cookie-consent-1.1.1.tgz",
      "integrity": "sha1-UyVqUMB4VEVm96FUuzgVxw7eb0Q=",
      "requires": {
        "@polymer/polymer": "^3.0.0",
        "@vaadin/vaadin-element-mixin": "^2.0.0",
        "@vaadin/vaadin-license-checker": "^2.1.0",
        "@vaadin/vaadin-lumo-styles": "^1.1.0",
        "@vaadin/vaadin-material-styles": "^1.1.0",
        "@vaadin/vaadin-themable-mixin": "^1.2.0",
        "cookieconsent": "^3.0.6"
      }
    },
    "@vaadin/vaadin-core": {
      "version": "13.0.5",
      "resolved": "http://artifactory-nonprod.myadp.aws.adp:8081/artifactory/api/npm/npm-virtual/@vaadin/vaadin-core/-/vaadin-core-13.0.5.tgz",
      "integrity": "sha1-TVSUE+RKJsxrpjo1gX7pkpicilk=",
      "requires": {
        "@polymer/iron-a11y-announcer": "^3.0.1",
        "@polymer/iron-a11y-keys-behavior": "^3.0.1",
        "@polymer/iron-fit-behavior": "^3.0.1",
        "@polymer/iron-flex-layout": "^3.0.1",
        "@polymer/iron-icon": "^3.0.1",
        "@polymer/iron-iconset-svg": "^3.0.1",
        "@polymer/iron-list": "^3.0.1",
        "@polymer/iron-media-query": "^3.0.1",
        "@polymer/iron-meta": "^3.0.1",
        "@polymer/iron-overlay-behavior": "^3.0.2",
        "@polymer/iron-resizable-behavior": "^3.0.1",
        "@polymer/iron-scroll-target-behavior": "^3.0.1",
        "@vaadin/vaadin-accordion": "^1.0.0",
        "@vaadin/vaadin-app-layout": "^1.0.2",
        "@vaadin/vaadin-button": "^2.1.5",
        "@vaadin/vaadin-checkbox": "^2.2.7",
        "@vaadin/vaadin-combo-box": "^4.2.9",
        "@vaadin/vaadin-context-menu": "^4.3.4",
        "@vaadin/vaadin-control-state-mixin": "^2.1.3",
        "@vaadin/vaadin-custom-field": "^1.0.1",
        "@vaadin/vaadin-date-picker": "^3.3.4",
        "@vaadin/vaadin-details": "^1.0.1",
        "@vaadin/vaadin-development-mode-detector": "^2.0.0",
        "@vaadin/vaadin-dialog": "^2.2.1",
        "@vaadin/vaadin-element-mixin": "^2.1.3",
        "@vaadin/vaadin-form-layout": "^2.1.2",
        "@vaadin/vaadin-grid": "^5.3.3",
        "@vaadin/vaadin-icons": "^4.2.2",
        "@vaadin/vaadin-item": "^2.1.0",
        "@vaadin/vaadin-list-box": "^1.1.0",
        "@vaadin/vaadin-list-mixin": "^2.1.2",
        "@vaadin/vaadin-login": "^1.0.0",
        "@vaadin/vaadin-lumo-styles": "^1.4.2",
        "@vaadin/vaadin-material-styles": "^1.2.2",
        "@vaadin/vaadin-notification": "^1.2.1",
        "@vaadin/vaadin-ordered-layout": "^1.1.0",
        "@vaadin/vaadin-overlay": "^3.2.11",
        "@vaadin/vaadin-progress-bar": "^1.1.0",
        "@vaadin/vaadin-radio-button": "^1.1.5",
        "@vaadin/vaadin-select": "^2.0.4",
        "@vaadin/vaadin-split-layout": "^4.1.0",
        "@vaadin/vaadin-tabs": "^2.1.2",
        "@vaadin/vaadin-text-field": "^2.3.7",
        "@vaadin/vaadin-themable-mixin": "^1.4.4",
        "@vaadin/vaadin-time-picker": "^1.2.2",
        "@vaadin/vaadin-upload": "^4.2.1",
        "@vaadin/vaadin-usage-statistics": "^2.0.3",
        "@webcomponents/shadycss": "^1.8.0"
      }
    },
    "@vaadin/vaadin-crud": {
      "version": "1.0.2",
      "resolved": "http://artifactory-nonprod.myadp.aws.adp:8081/artifactory/api/npm/npm-virtual/@vaadin/vaadin-crud/-/vaadin-crud-1.0.2.tgz",
      "integrity": "sha1-0WrMSrbcKQUEDjGbdQa8k4br29k=",
      "requires": {
        "@polymer/polymer": "^3.0.0",
        "@vaadin/vaadin-button": "^2.1.0",
        "@vaadin/vaadin-confirm-dialog": "^1.1.0",
        "@vaadin/vaadin-dialog": "^2.2.0",
        "@vaadin/vaadin-element-mixin": "^2.1.2",
        "@vaadin/vaadin-form-layout": "^2.1.0",
        "@vaadin/vaadin-grid": "^5.2.1",
        "@vaadin/vaadin-license-checker": "^2.1.0",
        "@vaadin/vaadin-lumo-styles": "^1.3.1",
        "@vaadin/vaadin-material-styles": "^1.2.0",
        "@vaadin/vaadin-text-field": "^2.1.3",
        "@vaadin/vaadin-themable-mixin": "^1.3.2"
      }
    },
    "@vaadin/vaadin-custom-field": {
      "version": "1.0.1",
      "resolved": "http://artifactory-nonprod.myadp.aws.adp:8081/artifactory/api/npm/npm-virtual/@vaadin/vaadin-custom-field/-/vaadin-custom-field-1.0.1.tgz",
      "integrity": "sha1-7haC4tP7hRpsE1eA+fz3/7ulYdw=",
      "requires": {
        "@polymer/polymer": "^3.0.0",
        "@vaadin/vaadin-element-mixin": "^2.0.0",
        "@vaadin/vaadin-lumo-styles": "^1.3.3",
        "@vaadin/vaadin-material-styles": "^1.2.2",
        "@vaadin/vaadin-themable-mixin": "^1.2.0"
      }
    },
    "@vaadin/vaadin-date-picker": {
      "version": "3.3.4",
      "resolved": "http://artifactory-nonprod.myadp.aws.adp:8081/artifactory/api/npm/npm-virtual/@vaadin/vaadin-date-picker/-/vaadin-date-picker-3.3.4.tgz",
      "integrity": "sha1-9cXO/dRtsFGgYlZp/aWAnpJTFc8=",
      "requires": {
        "@polymer/iron-a11y-announcer": "^3.0.0",
        "@polymer/iron-a11y-keys-behavior": "^3.0.0",
        "@polymer/iron-media-query": "^3.0.0",
        "@polymer/iron-resizable-behavior": "^3.0.0",
        "@polymer/polymer": "^3.0.0",
        "@vaadin/vaadin-button": "^2.1.0",
        "@vaadin/vaadin-control-state-mixin": "^2.1.1",
        "@vaadin/vaadin-element-mixin": "^2.0.0",
        "@vaadin/vaadin-lumo-styles": "^1.4.1",
        "@vaadin/vaadin-material-styles": "^1.1.2",
        "@vaadin/vaadin-overlay": "^3.2.0",
        "@vaadin/vaadin-text-field": "^2.1.2",
        "@vaadin/vaadin-themable-mixin": "^1.3.2"
      }
    },
    "@vaadin/vaadin-details": {
      "version": "1.0.1",
      "resolved": "http://artifactory-nonprod.myadp.aws.adp:8081/artifactory/api/npm/npm-virtual/@vaadin/vaadin-details/-/vaadin-details-1.0.1.tgz",
      "integrity": "sha1-cWt10PrSNHqOiIqVw0+AICzn4K0=",
      "requires": {
        "@polymer/polymer": "^3.0.0",
        "@vaadin/vaadin-control-state-mixin": "^2.1.0",
        "@vaadin/vaadin-element-mixin": "^2.0.0",
        "@vaadin/vaadin-lumo-styles": "^1.4.1",
        "@vaadin/vaadin-material-styles": "^1.2.0",
        "@vaadin/vaadin-themable-mixin": "^1.2.0"
      }
    },
    "@vaadin/vaadin-development-mode-detector": {
      "version": "2.0.0",
      "resolved": "http://artifactory-nonprod.myadp.aws.adp:8081/artifactory/api/npm/npm-virtual/@vaadin/vaadin-development-mode-detector/-/vaadin-development-mode-detector-2.0.0.tgz",
      "integrity": "sha1-aUF8v0qfdCfse3C33I4GBaL5ALM="
    },
    "@vaadin/vaadin-dialog": {
      "version": "2.2.1",
      "resolved": "http://artifactory-nonprod.myadp.aws.adp:8081/artifactory/api/npm/npm-virtual/@vaadin/vaadin-dialog/-/vaadin-dialog-2.2.1.tgz",
      "integrity": "sha1-6LR+r/t69j6bQHxp2QO/EocMpOA=",
      "requires": {
        "@polymer/polymer": "^3.0.0",
        "@vaadin/vaadin-element-mixin": "^2.0.0",
        "@vaadin/vaadin-lumo-styles": "^1.1.0",
        "@vaadin/vaadin-material-styles": "^1.1.0",
        "@vaadin/vaadin-overlay": "^3.2.0",
        "@vaadin/vaadin-themable-mixin": "^1.3.2"
      }
    },
    "@vaadin/vaadin-element-mixin": {
      "version": "2.1.3",
      "resolved": "http://artifactory-nonprod.myadp.aws.adp:8081/artifactory/api/npm/npm-virtual/@vaadin/vaadin-element-mixin/-/vaadin-element-mixin-2.1.3.tgz",
      "integrity": "sha1-PX6DVQGv7LocW0QA7zXj2UWbJpM=",
      "requires": {
        "@polymer/polymer": "^3.0.0",
        "@vaadin/vaadin-development-mode-detector": "^2.0.0",
        "@vaadin/vaadin-usage-statistics": "^2.0.2"
      }
    },
    "@vaadin/vaadin-form-layout": {
      "version": "2.1.2",
      "resolved": "http://artifactory-nonprod.myadp.aws.adp:8081/artifactory/api/npm/npm-virtual/@vaadin/vaadin-form-layout/-/vaadin-form-layout-2.1.2.tgz",
      "integrity": "sha1-E6HGd1j/2MrznoFqo+4Dqae8QBM=",
      "requires": {
        "@polymer/iron-resizable-behavior": "^3.0.0",
        "@polymer/polymer": "^3.0.0",
        "@vaadin/vaadin-element-mixin": "^2.0.0",
        "@vaadin/vaadin-lumo-styles": "^1.1.0",
        "@vaadin/vaadin-material-styles": "^1.1.0",
        "@vaadin/vaadin-themable-mixin": "^1.2.1"
      }
    },
    "@vaadin/vaadin-grid": {
      "version": "5.4.0",
      "resolved": "http://artifactory-nonprod.myadp.aws.adp:8081/artifactory/api/npm/npm-virtual/@vaadin/vaadin-grid/-/vaadin-grid-5.4.0.tgz",
      "integrity": "sha1-9uIzKpw1bGtFWenmD4w6CED1xI8=",
      "requires": {
        "@polymer/iron-a11y-announcer": "^3.0.0",
        "@polymer/iron-a11y-keys-behavior": "^3.0.0",
        "@polymer/iron-resizable-behavior": "^3.0.0",
        "@polymer/iron-scroll-target-behavior": "^3.0.0",
        "@polymer/polymer": "^3.0.0",
        "@vaadin/vaadin-checkbox": "^2.2.1",
        "@vaadin/vaadin-element-mixin": "^2.1.1",
        "@vaadin/vaadin-lumo-styles": "^1.1.1",
        "@vaadin/vaadin-material-styles": "^1.1.1",
        "@vaadin/vaadin-text-field": "^2.1.1",
        "@vaadin/vaadin-themable-mixin": "^1.2.1"
      }
    },
    "@vaadin/vaadin-grid-pro": {
      "version": "1.0.4",
      "resolved": "http://artifactory-nonprod.myadp.aws.adp:8081/artifactory/api/npm/npm-virtual/@vaadin/vaadin-grid-pro/-/vaadin-grid-pro-1.0.4.tgz",
      "integrity": "sha1-HuSLpYMZU4vDM0TbW4au9sq0uxA=",
      "requires": {
        "@polymer/polymer": "^3.0.0",
        "@vaadin/vaadin-checkbox": "^2.2.1",
        "@vaadin/vaadin-element-mixin": "^2.0.0",
        "@vaadin/vaadin-grid": "^5.3.0",
        "@vaadin/vaadin-item": "^2.1.0",
        "@vaadin/vaadin-license-checker": "^2.1.0",
        "@vaadin/vaadin-list-box": "^1.1.0",
        "@vaadin/vaadin-lumo-styles": "^1.3.3",
        "@vaadin/vaadin-material-styles": "^1.2.0",
        "@vaadin/vaadin-select": "^2.0.2",
        "@vaadin/vaadin-text-field": "^2.1.5",
        "@vaadin/vaadin-themable-mixin": "^1.2.0"
      }
    },
    "@vaadin/vaadin-icons": {
      "version": "4.3.1",
      "resolved": "http://artifactory-nonprod.myadp.aws.adp:8081/artifactory/api/npm/npm-virtual/@vaadin/vaadin-icons/-/vaadin-icons-4.3.1.tgz",
      "integrity": "sha1-+TLdd4hMdSpt1M4g+J79wdObRbY=",
      "requires": {
        "@polymer/iron-icon": "^3.0.0",
        "@polymer/iron-iconset-svg": "^3.0.0",
        "@polymer/polymer": "^3.0.0"
      }
    },
    "@vaadin/vaadin-item": {
      "version": "2.1.0",
      "resolved": "http://artifactory-nonprod.myadp.aws.adp:8081/artifactory/api/npm/npm-virtual/@vaadin/vaadin-item/-/vaadin-item-2.1.0.tgz",
      "integrity": "sha1-9KPDZW40d0dFp4shwuin7D4y45Y=",
      "requires": {
        "@polymer/polymer": "^3.0.0",
        "@vaadin/vaadin-lumo-styles": "^1.1.0",
        "@vaadin/vaadin-material-styles": "^1.1.0",
        "@vaadin/vaadin-themable-mixin": "^1.2.1"
      }
    },
    "@vaadin/vaadin-license-checker": {
      "version": "2.1.0",
      "resolved": "http://artifactory-nonprod.myadp.aws.adp:8081/artifactory/api/npm/npm-virtual/@vaadin/vaadin-license-checker/-/vaadin-license-checker-2.1.0.tgz",
      "integrity": "sha1-2SEwMf6PCDxG1/hmobnaMaLE2Kk=",
      "requires": {
        "@vaadin/vaadin-development-mode-detector": "^2.0.0"
      }
    },
    "@vaadin/vaadin-list-box": {
      "version": "1.1.0",
      "resolved": "http://artifactory-nonprod.myadp.aws.adp:8081/artifactory/api/npm/npm-virtual/@vaadin/vaadin-list-box/-/vaadin-list-box-1.1.0.tgz",
      "integrity": "sha1-AYjpf/I70P0lvhwk9d3tKSJclaU=",
      "requires": {
        "@polymer/polymer": "^3.0.0",
        "@vaadin/vaadin-element-mixin": "^2.0.0",
        "@vaadin/vaadin-item": "^2.1.0",
        "@vaadin/vaadin-list-mixin": "^2.1.0",
        "@vaadin/vaadin-lumo-styles": "^1.1.0",
        "@vaadin/vaadin-material-styles": "^1.1.0",
        "@vaadin/vaadin-themable-mixin": "^1.2.1"
      }
    },
    "@vaadin/vaadin-list-mixin": {
      "version": "2.2.1",
      "resolved": "http://artifactory-nonprod.myadp.aws.adp:8081/artifactory/api/npm/npm-virtual/@vaadin/vaadin-list-mixin/-/vaadin-list-mixin-2.2.1.tgz",
      "integrity": "sha1-CbBZ9FswYtsklAk3RKJ2jA93IRI=",
      "requires": {
        "@polymer/polymer": "^3.0.0"
      }
    },
    "@vaadin/vaadin-login": {
      "version": "1.0.0",
      "resolved": "http://artifactory-nonprod.myadp.aws.adp:8081/artifactory/api/npm/npm-virtual/@vaadin/vaadin-login/-/vaadin-login-1.0.0.tgz",
      "integrity": "sha1-+jBrOol70WZqQpnUhY1Wh6CGU7M=",
      "requires": {
        "@polymer/polymer": "^3.0.0",
        "@vaadin/vaadin-button": "^2.1.0",
        "@vaadin/vaadin-element-mixin": "^2.0.0",
        "@vaadin/vaadin-lumo-styles": "^1.3.0",
        "@vaadin/vaadin-material-styles": "^1.2.0",
        "@vaadin/vaadin-overlay": "^3.2.1",
        "@vaadin/vaadin-text-field": "^2.3.0",
        "@vaadin/vaadin-themable-mixin": "^1.4.1"
      }
    },
    "@vaadin/vaadin-lumo-styles": {
      "version": "1.4.2",
      "resolved": "http://artifactory-nonprod.myadp.aws.adp:8081/artifactory/api/npm/npm-virtual/@vaadin/vaadin-lumo-styles/-/vaadin-lumo-styles-1.4.2.tgz",
      "integrity": "sha1-wPjGv+zKzi2zYBtvBDkS2mW9xu4=",
      "requires": {
        "@polymer/iron-icon": "^3.0.0",
        "@polymer/iron-iconset-svg": "^3.0.0",
        "@polymer/polymer": "^3.0.0"
      }
    },
    "@vaadin/vaadin-material-styles": {
      "version": "1.2.2",
      "resolved": "http://artifactory-nonprod.myadp.aws.adp:8081/artifactory/api/npm/npm-virtual/@vaadin/vaadin-material-styles/-/vaadin-material-styles-1.2.2.tgz",
      "integrity": "sha1-ek0wzQmt97k9ggHYP4BsncEDwac=",
      "requires": {
        "@polymer/polymer": "^3.0.0"
      }
    },
    "@vaadin/vaadin-notification": {
      "version": "1.4.0",
      "resolved": "http://artifactory-nonprod.myadp.aws.adp:8081/artifactory/api/npm/npm-virtual/@vaadin/vaadin-notification/-/vaadin-notification-1.4.0.tgz",
      "integrity": "sha1-/Yq0gqtBMykmkyYjw1P2DQZXgZw=",
      "requires": {
        "@polymer/polymer": "^3.0.0",
        "@vaadin/vaadin-element-mixin": "^2.0.0",
        "@vaadin/vaadin-lumo-styles": "^1.1.0",
        "@vaadin/vaadin-material-styles": "^1.1.0",
        "@vaadin/vaadin-themable-mixin": "^1.3.2"
      }
    },
    "@vaadin/vaadin-ordered-layout": {
      "version": "1.1.0",
      "resolved": "http://artifactory-nonprod.myadp.aws.adp:8081/artifactory/api/npm/npm-virtual/@vaadin/vaadin-ordered-layout/-/vaadin-ordered-layout-1.1.0.tgz",
      "integrity": "sha1-NgL0bTrFY2acJvnr4fMJn+68kZ0=",
      "requires": {
        "@polymer/polymer": "^3.0.0",
        "@vaadin/vaadin-element-mixin": "^2.0.0",
        "@vaadin/vaadin-lumo-styles": "^1.1.0",
        "@vaadin/vaadin-material-styles": "^1.1.0",
        "@vaadin/vaadin-themable-mixin": "^1.2.1"
      }
    },
    "@vaadin/vaadin-overlay": {
      "version": "3.2.11",
      "resolved": "http://artifactory-nonprod.myadp.aws.adp:8081/artifactory/api/npm/npm-virtual/@vaadin/vaadin-overlay/-/vaadin-overlay-3.2.11.tgz",
      "integrity": "sha1-H3X2LJOC43uaRgilV6nWlyD/tDM=",
      "requires": {
        "@polymer/polymer": "^3.0.0",
        "@vaadin/vaadin-lumo-styles": "^1.3.0",
        "@vaadin/vaadin-material-styles": "^1.2.0",
        "@vaadin/vaadin-themable-mixin": "^1.2.1"
      }
    },
    "@vaadin/vaadin-progress-bar": {
      "version": "1.1.0",
      "resolved": "http://artifactory-nonprod.myadp.aws.adp:8081/artifactory/api/npm/npm-virtual/@vaadin/vaadin-progress-bar/-/vaadin-progress-bar-1.1.0.tgz",
      "integrity": "sha1-862UUxdLgk8rUcFAuOsm0IdxQhk=",
      "requires": {
        "@polymer/polymer": "^3.0.0",
        "@vaadin/vaadin-element-mixin": "^2.0.0",
        "@vaadin/vaadin-lumo-styles": "^1.1.0",
        "@vaadin/vaadin-material-styles": "^1.1.0",
        "@vaadin/vaadin-themable-mixin": "^1.2.1"
      }
    },
    "@vaadin/vaadin-radio-button": {
      "version": "1.2.0",
      "resolved": "http://artifactory-nonprod.myadp.aws.adp:8081/artifactory/api/npm/npm-virtual/@vaadin/vaadin-radio-button/-/vaadin-radio-button-1.2.0.tgz",
      "integrity": "sha1-qeFdbjUGzzSpXK6tFIT33kVcNYI=",
      "requires": {
        "@polymer/polymer": "^3.0.0",
        "@vaadin/vaadin-control-state-mixin": "^2.1.1",
        "@vaadin/vaadin-element-mixin": "^2.0.0",
        "@vaadin/vaadin-lumo-styles": "^1.2.0",
        "@vaadin/vaadin-material-styles": "^1.2.0",
        "@vaadin/vaadin-themable-mixin": "^1.2.1"
      }
    },
    "@vaadin/vaadin-rich-text-editor": {
      "version": "1.0.2",
      "resolved": "http://artifactory-nonprod.myadp.aws.adp:8081/artifactory/api/npm/npm-virtual/@vaadin/vaadin-rich-text-editor/-/vaadin-rich-text-editor-1.0.2.tgz",
      "integrity": "sha1-es4yv0br1VVMSEzTbAoTJkCKdfg=",
      "requires": {
        "@polymer/polymer": "^3.0.0",
        "@vaadin/vaadin-button": "^2.1.0",
        "@vaadin/vaadin-confirm-dialog": "^1.1.0",
        "@vaadin/vaadin-element-mixin": "^2.0.0",
        "@vaadin/vaadin-license-checker": "^2.1.0",
        "@vaadin/vaadin-lumo-styles": "^1.3.0",
        "@vaadin/vaadin-material-styles": "^1.2.0",
        "@vaadin/vaadin-text-field": "^2.1.0",
        "@vaadin/vaadin-themable-mixin": "^1.2.0"
      }
    },
    "@vaadin/vaadin-select": {
      "version": "2.1.0",
      "resolved": "http://artifactory-nonprod.myadp.aws.adp:8081/artifactory/api/npm/npm-virtual/@vaadin/vaadin-select/-/vaadin-select-2.1.0.tgz",
      "integrity": "sha1-LOf0+bQUIY5mF5fboWekZxptjgM=",
      "requires": {
        "@polymer/iron-media-query": "^3.0.0",
        "@polymer/iron-resizable-behavior": "^3.0.0",
        "@polymer/polymer": "^3.0.0",
        "@vaadin/vaadin-control-state-mixin": "^2.1.1",
        "@vaadin/vaadin-element-mixin": "^2.0.0",
        "@vaadin/vaadin-item": "^2.1.0",
        "@vaadin/vaadin-list-box": "^1.1.0",
        "@vaadin/vaadin-list-mixin": "^2.2.0",
        "@vaadin/vaadin-lumo-styles": "^1.1.0",
        "@vaadin/vaadin-material-styles": "^1.1.0",
        "@vaadin/vaadin-overlay": "^3.2.0",
        "@vaadin/vaadin-text-field": "^2.1.1",
        "@vaadin/vaadin-themable-mixin": "^1.3.2"
      }
    },
    "@vaadin/vaadin-split-layout": {
      "version": "4.1.0",
      "resolved": "http://artifactory-nonprod.myadp.aws.adp:8081/artifactory/api/npm/npm-virtual/@vaadin/vaadin-split-layout/-/vaadin-split-layout-4.1.0.tgz",
      "integrity": "sha1-bty2XmK1VCeCJBLZpmfbSvWid/g=",
      "requires": {
        "@polymer/iron-resizable-behavior": "^3.0.0-pre.18",
        "@polymer/polymer": "^3.0.0",
        "@vaadin/vaadin-element-mixin": "^2.0.0",
        "@vaadin/vaadin-lumo-styles": "^1.1.0",
        "@vaadin/vaadin-material-styles": "^1.1.0",
        "@vaadin/vaadin-themable-mixin": "^1.2.1"
      }
    },
    "@vaadin/vaadin-tabs": {
      "version": "2.1.2",
      "resolved": "http://artifactory-nonprod.myadp.aws.adp:8081/artifactory/api/npm/npm-virtual/@vaadin/vaadin-tabs/-/vaadin-tabs-2.1.2.tgz",
      "integrity": "sha1-qdsizMWPmXmnr8RseWpREmOPiOs=",
      "requires": {
        "@polymer/iron-resizable-behavior": "^3.0.0",
        "@polymer/polymer": "^3.0.0",
        "@vaadin/vaadin-element-mixin": "^2.0.0",
        "@vaadin/vaadin-item": "^2.1.0",
        "@vaadin/vaadin-list-mixin": "^2.1.0",
        "@vaadin/vaadin-lumo-styles": "^1.1.0",
        "@vaadin/vaadin-material-styles": "^1.1.0",
        "@vaadin/vaadin-themable-mixin": "^1.2.1"
      }
    },
    "@vaadin/vaadin-text-field": {
      "version": "2.4.2",
      "resolved": "http://artifactory-nonprod.myadp.aws.adp:8081/artifactory/api/npm/npm-virtual/@vaadin/vaadin-text-field/-/vaadin-text-field-2.4.2.tgz",
      "integrity": "sha1-uVs20sjEnNicxi7ciF80zBmGtW4=",
      "requires": {
        "@polymer/polymer": "^3.0.0",
        "@vaadin/vaadin-control-state-mixin": "^2.1.1",
        "@vaadin/vaadin-element-mixin": "^2.0.0",
        "@vaadin/vaadin-lumo-styles": "^1.2.0",
        "@vaadin/vaadin-material-styles": "^1.2.0",
        "@vaadin/vaadin-themable-mixin": "^1.2.1"
      }
    },
    "@vaadin/vaadin-themable-mixin": {
      "version": "1.4.4",
      "resolved": "http://artifactory-nonprod.myadp.aws.adp:8081/artifactory/api/npm/npm-virtual/@vaadin/vaadin-themable-mixin/-/vaadin-themable-mixin-1.4.4.tgz",
      "integrity": "sha1-668eNyblKK2sfbgDZ7257KWOkAg=",
      "requires": {
        "@polymer/polymer": "^3.0.0"
      }
    },
    "@vaadin/vaadin-time-picker": {
      "version": "1.2.2",
      "resolved": "http://artifactory-nonprod.myadp.aws.adp:8081/artifactory/api/npm/npm-virtual/@vaadin/vaadin-time-picker/-/vaadin-time-picker-1.2.2.tgz",
      "integrity": "sha1-xbjiYX2r2tC8nO5Jk72PneC4nVU=",
      "requires": {
        "@polymer/iron-a11y-keys-behavior": "^3.0.0",
        "@polymer/polymer": "^3.0.0",
        "@vaadin/vaadin-combo-box": "^4.2.0",
        "@vaadin/vaadin-control-state-mixin": "^2.1.1",
        "@vaadin/vaadin-element-mixin": "^2.1.1",
        "@vaadin/vaadin-lumo-styles": "^1.2.0",
        "@vaadin/vaadin-material-styles": "^1.2.0",
        "@vaadin/vaadin-text-field": "^2.1.1",
        "@vaadin/vaadin-themable-mixin": "^1.3.2"
      }
    },
    "@vaadin/vaadin-upload": {
      "version": "4.2.1",
      "resolved": "http://artifactory-nonprod.myadp.aws.adp:8081/artifactory/api/npm/npm-virtual/@vaadin/vaadin-upload/-/vaadin-upload-4.2.1.tgz",
      "integrity": "sha1-LKD0bNO1NqVSR7IH078we19vf4U=",
      "requires": {
        "@polymer/polymer": "^3.0.0",
        "@vaadin/vaadin-button": "^2.1.0",
        "@vaadin/vaadin-element-mixin": "^2.0.0",
        "@vaadin/vaadin-lumo-styles": "^1.1.0",
        "@vaadin/vaadin-material-styles": "^1.1.0",
        "@vaadin/vaadin-progress-bar": "^1.1.0",
        "@vaadin/vaadin-themable-mixin": "^1.2.1"
      }
    },
    "@vaadin/vaadin-usage-statistics": {
      "version": "2.0.3",
      "resolved": "http://artifactory-nonprod.myadp.aws.adp:8081/artifactory/api/npm/npm-virtual/@vaadin/vaadin-usage-statistics/-/vaadin-usage-statistics-2.0.3.tgz",
      "integrity": "sha1-7kY4kcSpqHIjCId4h9IJI3TE7lE=",
      "requires": {
        "@vaadin/vaadin-development-mode-detector": "^2.0.0"
      }
    },
    "@webcomponents/shadycss": {
      "version": "1.9.1",
      "resolved": "http://artifactory-nonprod.myadp.aws.adp:8081/artifactory/api/npm/npm-virtual/@webcomponents/shadycss/-/shadycss-1.9.1.tgz",
      "integrity": "sha1-12n7rfpQTxG4TK7vJnAfiQcOxJo="
    },
    "@webcomponents/webcomponentsjs": {
      "version": "2.2.7",
      "resolved": "http://artifactory-nonprod.myadp.aws.adp:8081/artifactory/api/npm/npm-virtual/@webcomponents/webcomponentsjs/-/webcomponentsjs-2.2.7.tgz",
      "integrity": "sha1-Hxp6eqCD21rmqtrtpoyqj9hldGI="
    },
    "cookieconsent": {
      "version": "3.1.0",
      "resolved": "http://artifactory-nonprod.myadp.aws.adp:8081/artifactory/api/npm/npm-virtual/cookieconsent/-/cookieconsent-3.1.0.tgz",
      "integrity": "sha1-LHGLME0Ocabg0VnKyK30IF/coVI="
    },
    "highcharts": {
      "version": "6.1.4",
      "resolved": "http://artifactory-nonprod.myadp.aws.adp:8081/artifactory/api/npm/npm-virtual/highcharts/-/highcharts-6.1.4.tgz",
      "integrity": "sha1-dTttS5miea3ignbhtNxaUzRsdgE="
    },
    "lit-element": {
      "version": "2.0.1",
      "resolved": "http://artifactory-nonprod.myadp.aws.adp:8081/artifactory/api/npm/npm-virtual/lit-element/-/lit-element-2.0.1.tgz",
      "integrity": "sha1-nsWHHTtkSH9DLHwHHfgO8DHXCRs=",
      "requires": {
        "lit-html": "^1.0.0"
      },
      "dependencies": {
        "lit-html": {
          "version": "1.0.0",
          "resolved": "http://artifactory-nonprod.myadp.aws.adp:8081/artifactory/api/npm/npm-virtual/lit-html/-/lit-html-1.0.0.tgz",
          "integrity": "sha1-PcN4GoymiptcL/KmHiY2YrmyJns="
        }
      }
    },
    "lit-element-router": {
      "version": "1.2.5",
      "resolved": "http://artifactory-nonprod.myadp.aws.adp:8081/artifactory/api/npm/npm-virtual/lit-element-router/-/lit-element-router-1.2.5.tgz",
      "integrity": "sha1-oCVugLH/qUUnCx8P19W542Bsugs=",
      "requires": {
        "lit-element": "^2.0.1"
      }
    }
  }
}
